// !$*UTF8*$!
{
	archiveVersion = 1;
	classes = {
	};
	objectVersion = 46;
	objects = {

/* Begin PBXBuildFile section */
		C6281FEF1B7C3D7800B24284 /* JTTableCalendarViewController.m in Sources */ = {isa = PBXBuildFile; fileRef = C6281FED1B7C3D7800B24284 /* JTTableCalendarViewController.m */; };
		C6281FF01B7C3D7800B24284 /* JTTableCalendarViewController.xib in Resources */ = {isa = PBXBuildFile; fileRef = C6281FEE1B7C3D7800B24284 /* JTTableCalendarViewController.xib */; };
		C636ADDA1B7DDA9500B160AC /* JTWeekViewCell.m in Sources */ = {isa = PBXBuildFile; fileRef = C636ADD91B7DDA9500B160AC /* JTWeekViewCell.m */; };
		C636ADDD1B7DFD1900B160AC /* JTCalendarFirstDayOfTheMonthView.m in Sources */ = {isa = PBXBuildFile; fileRef = C636ADDC1B7DFD1900B160AC /* JTCalendarFirstDayOfTheMonthView.m */; };
		C6439BC81B75C8B70092EFAA /* JTCalendarManager.m in Sources */ = {isa = PBXBuildFile; fileRef = C6439BA81B75C8B70092EFAA /* JTCalendarManager.m */; };
		C6439BC91B75C8B70092EFAA /* JTCalendarSettings.m in Sources */ = {isa = PBXBuildFile; fileRef = C6439BAA1B75C8B70092EFAA /* JTCalendarSettings.m */; };
		C6439BCA1B75C8B70092EFAA /* JTDateHelper.m in Sources */ = {isa = PBXBuildFile; fileRef = C6439BAC1B75C8B70092EFAA /* JTDateHelper.m */; };
		C6439BCB1B75C8B70092EFAA /* JTCalendarDelegateManager.m in Sources */ = {isa = PBXBuildFile; fileRef = C6439BAF1B75C8B70092EFAA /* JTCalendarDelegateManager.m */; };
		C6439BCC1B75C8B70092EFAA /* JTCalendarScrollManager.m in Sources */ = {isa = PBXBuildFile; fileRef = C6439BB11B75C8B70092EFAA /* JTCalendarScrollManager.m */; };
		C6439BCD1B75C8B70092EFAA /* JTCalendarDayView.m in Sources */ = {isa = PBXBuildFile; fileRef = C6439BBB1B75C8B70092EFAA /* JTCalendarDayView.m */; };
		C6439BCE1B75C8B70092EFAA /* JTCalendarMenuView.m in Sources */ = {isa = PBXBuildFile; fileRef = C6439BBD1B75C8B70092EFAA /* JTCalendarMenuView.m */; };
		C6439BCF1B75C8B70092EFAA /* JTCalendarPageView.m in Sources */ = {isa = PBXBuildFile; fileRef = C6439BBF1B75C8B70092EFAA /* JTCalendarPageView.m */; };
		C6439BD01B75C8B70092EFAA /* JTCalendarWeekDayView.m in Sources */ = {isa = PBXBuildFile; fileRef = C6439BC11B75C8B70092EFAA /* JTCalendarWeekDayView.m */; };
		C6439BD11B75C8B70092EFAA /* JTCalendarWeekView.m in Sources */ = {isa = PBXBuildFile; fileRef = C6439BC31B75C8B70092EFAA /* JTCalendarWeekView.m */; };
		C6439BD21B75C8B70092EFAA /* JTHorizontalCalendarView.m in Sources */ = {isa = PBXBuildFile; fileRef = C6439BC51B75C8B70092EFAA /* JTHorizontalCalendarView.m */; };
		C6439BD31B75C8B70092EFAA /* JTVerticalCalendarView.m in Sources */ = {isa = PBXBuildFile; fileRef = C6439BC71B75C8B70092EFAA /* JTVerticalCalendarView.m */; };
		C6EB33A61B6CE42300D8F5EC /* main.m in Sources */ = {isa = PBXBuildFile; fileRef = C6EB33A51B6CE42300D8F5EC /* main.m */; };
		C6EB33A91B6CE42300D8F5EC /* AppDelegate.m in Sources */ = {isa = PBXBuildFile; fileRef = C6EB33A81B6CE42300D8F5EC /* AppDelegate.m */; };
		C6EB33AC1B6CE42300D8F5EC /* ViewController.m in Sources */ = {isa = PBXBuildFile; fileRef = C6EB33AB1B6CE42300D8F5EC /* ViewController.m */; };
		C6EB33B11B6CE42300D8F5EC /* Images.xcassets in Resources */ = {isa = PBXBuildFile; fileRef = C6EB33B01B6CE42300D8F5EC /* Images.xcassets */; };
		C6EB33B41B6CE42300D8F5EC /* LaunchScreen.xib in Resources */ = {isa = PBXBuildFile; fileRef = C6EB33B21B6CE42300D8F5EC /* LaunchScreen.xib */; };
		C6EB33C01B6CE42300D8F5EC /* CalendarTestTests.m in Sources */ = {isa = PBXBuildFile; fileRef = C6EB33BF1B6CE42300D8F5EC /* CalendarTestTests.m */; };
		C6EB33CB1B6CE45500D8F5EC /* CalendarTest.m in Sources */ = {isa = PBXBuildFile; fileRef = C6EB33CA1B6CE45500D8F5EC /* CalendarTest.m */; };
		C6EB33CD1B6CE49D00D8F5EC /* CalendarTest.xib in Resources */ = {isa = PBXBuildFile; fileRef = C6EB33CC1B6CE49D00D8F5EC /* CalendarTest.xib */; };
/* End PBXBuildFile section */

/* Begin PBXContainerItemProxy section */
		C6EB33BA1B6CE42300D8F5EC /* PBXContainerItemProxy */ = {
			isa = PBXContainerItemProxy;
			containerPortal = C6EB33981B6CE42300D8F5EC /* Project object */;
			proxyType = 1;
			remoteGlobalIDString = C6EB339F1B6CE42300D8F5EC;
			remoteInfo = CalendarTest;
		};
/* End PBXContainerItemProxy section */

/* Begin PBXFileReference section */
		C6281FEC1B7C3D7800B24284 /* JTTableCalendarViewController.h */ = {isa = PBXFileReference; fileEncoding = 4; lastKnownFileType = sourcecode.c.h; path = JTTableCalendarViewController.h; sourceTree = "<group>"; };
		C6281FED1B7C3D7800B24284 /* JTTableCalendarViewController.m */ = {isa = PBXFileReference; fileEncoding = 4; lastKnownFileType = sourcecode.c.objc; path = JTTableCalendarViewController.m; sourceTree = "<group>"; };
		C6281FEE1B7C3D7800B24284 /* JTTableCalendarViewController.xib */ = {isa = PBXFileReference; fileEncoding = 4; lastKnownFileType = file.xib; path = JTTableCalendarViewController.xib; sourceTree = "<group>"; };
		C636ADD81B7DDA9500B160AC /* JTWeekViewCell.h */ = {isa = PBXFileReference; fileEncoding = 4; lastKnownFileType = sourcecode.c.h; path = JTWeekViewCell.h; sourceTree = "<group>"; };
		C636ADD91B7DDA9500B160AC /* JTWeekViewCell.m */ = {isa = PBXFileReference; fileEncoding = 4; lastKnownFileType = sourcecode.c.objc; path = JTWeekViewCell.m; sourceTree = "<group>"; };
		C636ADDB1B7DFD1900B160AC /* JTCalendarFirstDayOfTheMonthView.h */ = {isa = PBXFileReference; fileEncoding = 4; lastKnownFileType = sourcecode.c.h; path = JTCalendarFirstDayOfTheMonthView.h; sourceTree = "<group>"; };
		C636ADDC1B7DFD1900B160AC /* JTCalendarFirstDayOfTheMonthView.m */ = {isa = PBXFileReference; fileEncoding = 4; lastKnownFileType = sourcecode.c.objc; path = JTCalendarFirstDayOfTheMonthView.m; sourceTree = "<group>"; };
		C6439BA51B75C8B70092EFAA /* JTCalendar.h */ = {isa = PBXFileReference; fileEncoding = 4; lastKnownFileType = sourcecode.c.h; path = JTCalendar.h; sourceTree = "<group>"; };
		C6439BA61B75C8B70092EFAA /* JTCalendarDelegate.h */ = {isa = PBXFileReference; fileEncoding = 4; lastKnownFileType = sourcecode.c.h; path = JTCalendarDelegate.h; sourceTree = "<group>"; };
		C6439BA71B75C8B70092EFAA /* JTCalendarManager.h */ = {isa = PBXFileReference; fileEncoding = 4; lastKnownFileType = sourcecode.c.h; path = JTCalendarManager.h; sourceTree = "<group>"; };
		C6439BA81B75C8B70092EFAA /* JTCalendarManager.m */ = {isa = PBXFileReference; fileEncoding = 4; lastKnownFileType = sourcecode.c.objc; path = JTCalendarManager.m; sourceTree = "<group>"; };
		C6439BA91B75C8B70092EFAA /* JTCalendarSettings.h */ = {isa = PBXFileReference; fileEncoding = 4; lastKnownFileType = sourcecode.c.h; path = JTCalendarSettings.h; sourceTree = "<group>"; };
		C6439BAA1B75C8B70092EFAA /* JTCalendarSettings.m */ = {isa = PBXFileReference; fileEncoding = 4; lastKnownFileType = sourcecode.c.objc; path = JTCalendarSettings.m; sourceTree = "<group>"; };
		C6439BAB1B75C8B70092EFAA /* JTDateHelper.h */ = {isa = PBXFileReference; fileEncoding = 4; lastKnownFileType = sourcecode.c.h; path = JTDateHelper.h; sourceTree = "<group>"; };
		C6439BAC1B75C8B70092EFAA /* JTDateHelper.m */ = {isa = PBXFileReference; fileEncoding = 4; lastKnownFileType = sourcecode.c.objc; path = JTDateHelper.m; sourceTree = "<group>"; };
		C6439BAE1B75C8B70092EFAA /* JTCalendarDelegateManager.h */ = {isa = PBXFileReference; fileEncoding = 4; lastKnownFileType = sourcecode.c.h; path = JTCalendarDelegateManager.h; sourceTree = "<group>"; };
		C6439BAF1B75C8B70092EFAA /* JTCalendarDelegateManager.m */ = {isa = PBXFileReference; fileEncoding = 4; lastKnownFileType = sourcecode.c.objc; path = JTCalendarDelegateManager.m; sourceTree = "<group>"; };
		C6439BB01B75C8B70092EFAA /* JTCalendarScrollManager.h */ = {isa = PBXFileReference; fileEncoding = 4; lastKnownFileType = sourcecode.c.h; path = JTCalendarScrollManager.h; sourceTree = "<group>"; };
		C6439BB11B75C8B70092EFAA /* JTCalendarScrollManager.m */ = {isa = PBXFileReference; fileEncoding = 4; lastKnownFileType = sourcecode.c.objc; path = JTCalendarScrollManager.m; sourceTree = "<group>"; };
		C6439BB31B75C8B70092EFAA /* JTCalendarDay.h */ = {isa = PBXFileReference; fileEncoding = 4; lastKnownFileType = sourcecode.c.h; path = JTCalendarDay.h; sourceTree = "<group>"; };
		C6439BB41B75C8B70092EFAA /* JTCalendarPage.h */ = {isa = PBXFileReference; fileEncoding = 4; lastKnownFileType = sourcecode.c.h; path = JTCalendarPage.h; sourceTree = "<group>"; };
		C6439BB51B75C8B70092EFAA /* JTCalendarWeek.h */ = {isa = PBXFileReference; fileEncoding = 4; lastKnownFileType = sourcecode.c.h; path = JTCalendarWeek.h; sourceTree = "<group>"; };
		C6439BB61B75C8B70092EFAA /* JTCalendarWeekDay.h */ = {isa = PBXFileReference; fileEncoding = 4; lastKnownFileType = sourcecode.c.h; path = JTCalendarWeekDay.h; sourceTree = "<group>"; };
		C6439BB71B75C8B70092EFAA /* JTContent.h */ = {isa = PBXFileReference; fileEncoding = 4; lastKnownFileType = sourcecode.c.h; path = JTContent.h; sourceTree = "<group>"; };
		C6439BB81B75C8B70092EFAA /* JTMenu.h */ = {isa = PBXFileReference; fileEncoding = 4; lastKnownFileType = sourcecode.c.h; path = JTMenu.h; sourceTree = "<group>"; };
		C6439BBA1B75C8B70092EFAA /* JTCalendarDayView.h */ = {isa = PBXFileReference; fileEncoding = 4; lastKnownFileType = sourcecode.c.h; path = JTCalendarDayView.h; sourceTree = "<group>"; };
		C6439BBB1B75C8B70092EFAA /* JTCalendarDayView.m */ = {isa = PBXFileReference; fileEncoding = 4; lastKnownFileType = sourcecode.c.objc; path = JTCalendarDayView.m; sourceTree = "<group>"; };
		C6439BBC1B75C8B70092EFAA /* JTCalendarMenuView.h */ = {isa = PBXFileReference; fileEncoding = 4; lastKnownFileType = sourcecode.c.h; path = JTCalendarMenuView.h; sourceTree = "<group>"; };
		C6439BBD1B75C8B70092EFAA /* JTCalendarMenuView.m */ = {isa = PBXFileReference; fileEncoding = 4; lastKnownFileType = sourcecode.c.objc; path = JTCalendarMenuView.m; sourceTree = "<group>"; };
		C6439BBE1B75C8B70092EFAA /* JTCalendarPageView.h */ = {isa = PBXFileReference; fileEncoding = 4; lastKnownFileType = sourcecode.c.h; path = JTCalendarPageView.h; sourceTree = "<group>"; };
		C6439BBF1B75C8B70092EFAA /* JTCalendarPageView.m */ = {isa = PBXFileReference; fileEncoding = 4; lastKnownFileType = sourcecode.c.objc; path = JTCalendarPageView.m; sourceTree = "<group>"; };
		C6439BC01B75C8B70092EFAA /* JTCalendarWeekDayView.h */ = {isa = PBXFileReference; fileEncoding = 4; lastKnownFileType = sourcecode.c.h; path = JTCalendarWeekDayView.h; sourceTree = "<group>"; };
		C6439BC11B75C8B70092EFAA /* JTCalendarWeekDayView.m */ = {isa = PBXFileReference; fileEncoding = 4; lastKnownFileType = sourcecode.c.objc; path = JTCalendarWeekDayView.m; sourceTree = "<group>"; };
		C6439BC21B75C8B70092EFAA /* JTCalendarWeekView.h */ = {isa = PBXFileReference; fileEncoding = 4; lastKnownFileType = sourcecode.c.h; path = JTCalendarWeekView.h; sourceTree = "<group>"; };
		C6439BC31B75C8B70092EFAA /* JTCalendarWeekView.m */ = {isa = PBXFileReference; fileEncoding = 4; lastKnownFileType = sourcecode.c.objc; path = JTCalendarWeekView.m; sourceTree = "<group>"; };
		C6439BC41B75C8B70092EFAA /* JTHorizontalCalendarView.h */ = {isa = PBXFileReference; fileEncoding = 4; lastKnownFileType = sourcecode.c.h; path = JTHorizontalCalendarView.h; sourceTree = "<group>"; };
		C6439BC51B75C8B70092EFAA /* JTHorizontalCalendarView.m */ = {isa = PBXFileReference; fileEncoding = 4; lastKnownFileType = sourcecode.c.objc; path = JTHorizontalCalendarView.m; sourceTree = "<group>"; };
		C6439BC61B75C8B70092EFAA /* JTVerticalCalendarView.h */ = {isa = PBXFileReference; fileEncoding = 4; lastKnownFileType = sourcecode.c.h; path = JTVerticalCalendarView.h; sourceTree = "<group>"; };
		C6439BC71B75C8B70092EFAA /* JTVerticalCalendarView.m */ = {isa = PBXFileReference; fileEncoding = 4; lastKnownFileType = sourcecode.c.objc; path = JTVerticalCalendarView.m; sourceTree = "<group>"; };
		C6EB33A01B6CE42300D8F5EC /* CalendarTest.app */ = {isa = PBXFileReference; explicitFileType = wrapper.application; includeInIndex = 0; path = CalendarTest.app; sourceTree = BUILT_PRODUCTS_DIR; };
		C6EB33A41B6CE42300D8F5EC /* Info.plist */ = {isa = PBXFileReference; lastKnownFileType = text.plist.xml; path = Info.plist; sourceTree = "<group>"; };
		C6EB33A51B6CE42300D8F5EC /* main.m */ = {isa = PBXFileReference; lastKnownFileType = sourcecode.c.objc; path = main.m; sourceTree = "<group>"; };
		C6EB33A71B6CE42300D8F5EC /* AppDelegate.h */ = {isa = PBXFileReference; lastKnownFileType = sourcecode.c.h; path = AppDelegate.h; sourceTree = "<group>"; };
		C6EB33A81B6CE42300D8F5EC /* AppDelegate.m */ = {isa = PBXFileReference; lastKnownFileType = sourcecode.c.objc; path = AppDelegate.m; sourceTree = "<group>"; };
		C6EB33AA1B6CE42300D8F5EC /* ViewController.h */ = {isa = PBXFileReference; lastKnownFileType = sourcecode.c.h; path = ViewController.h; sourceTree = "<group>"; };
		C6EB33AB1B6CE42300D8F5EC /* ViewController.m */ = {isa = PBXFileReference; lastKnownFileType = sourcecode.c.objc; path = ViewController.m; sourceTree = "<group>"; };
		C6EB33B01B6CE42300D8F5EC /* Images.xcassets */ = {isa = PBXFileReference; lastKnownFileType = folder.assetcatalog; path = Images.xcassets; sourceTree = "<group>"; };
		C6EB33B31B6CE42300D8F5EC /* Base */ = {isa = PBXFileReference; lastKnownFileType = file.xib; name = Base; path = Base.lproj/LaunchScreen.xib; sourceTree = "<group>"; };
		C6EB33B91B6CE42300D8F5EC /* CalendarTestTests.xctest */ = {isa = PBXFileReference; explicitFileType = wrapper.cfbundle; includeInIndex = 0; path = CalendarTestTests.xctest; sourceTree = BUILT_PRODUCTS_DIR; };
		C6EB33BE1B6CE42300D8F5EC /* Info.plist */ = {isa = PBXFileReference; lastKnownFileType = text.plist.xml; path = Info.plist; sourceTree = "<group>"; };
		C6EB33BF1B6CE42300D8F5EC /* CalendarTestTests.m */ = {isa = PBXFileReference; lastKnownFileType = sourcecode.c.objc; path = CalendarTestTests.m; sourceTree = "<group>"; };
		C6EB33C91B6CE45500D8F5EC /* CalendarTest.h */ = {isa = PBXFileReference; fileEncoding = 4; lastKnownFileType = sourcecode.c.h; path = CalendarTest.h; sourceTree = "<group>"; };
		C6EB33CA1B6CE45500D8F5EC /* CalendarTest.m */ = {isa = PBXFileReference; fileEncoding = 4; lastKnownFileType = sourcecode.c.objc; path = CalendarTest.m; sourceTree = "<group>"; };
		C6EB33CC1B6CE49D00D8F5EC /* CalendarTest.xib */ = {isa = PBXFileReference; fileEncoding = 4; lastKnownFileType = file.xib; path = CalendarTest.xib; sourceTree = "<group>"; };
/* End PBXFileReference section */

/* Begin PBXFrameworksBuildPhase section */
		C6EB339D1B6CE42300D8F5EC /* Frameworks */ = {
			isa = PBXFrameworksBuildPhase;
			buildActionMask = 2147483647;
			files = (
			);
			runOnlyForDeploymentPostprocessing = 0;
		};
		C6EB33B61B6CE42300D8F5EC /* Frameworks */ = {
			isa = PBXFrameworksBuildPhase;
			buildActionMask = 2147483647;
			files = (
			);
			runOnlyForDeploymentPostprocessing = 0;
		};
/* End PBXFrameworksBuildPhase section */

/* Begin PBXGroup section */
		C6439BA41B75C8B70092EFAA /* JTCalendar */ = {
			isa = PBXGroup;
			children = (
				C6439BA51B75C8B70092EFAA /* JTCalendar.h */,
				C6439BA61B75C8B70092EFAA /* JTCalendarDelegate.h */,
				C6439BA71B75C8B70092EFAA /* JTCalendarManager.h */,
				C6439BA81B75C8B70092EFAA /* JTCalendarManager.m */,
				C6439BA91B75C8B70092EFAA /* JTCalendarSettings.h */,
				C6439BAA1B75C8B70092EFAA /* JTCalendarSettings.m */,
				C6439BAB1B75C8B70092EFAA /* JTDateHelper.h */,
				C6439BAC1B75C8B70092EFAA /* JTDateHelper.m */,
				C6439BAD1B75C8B70092EFAA /* Managers */,
				C6439BB21B75C8B70092EFAA /* Protocols */,
				C6439BB91B75C8B70092EFAA /* Views */,
			);
			path = JTCalendar;
			sourceTree = "<group>";
		};
		C6439BAD1B75C8B70092EFAA /* Managers */ = {
			isa = PBXGroup;
			children = (
				C6439BAE1B75C8B70092EFAA /* JTCalendarDelegateManager.h */,
				C6439BAF1B75C8B70092EFAA /* JTCalendarDelegateManager.m */,
				C6439BB01B75C8B70092EFAA /* JTCalendarScrollManager.h */,
				C6439BB11B75C8B70092EFAA /* JTCalendarScrollManager.m */,
			);
			path = Managers;
			sourceTree = "<group>";
		};
		C6439BB21B75C8B70092EFAA /* Protocols */ = {
			isa = PBXGroup;
			children = (
				C6439BB31B75C8B70092EFAA /* JTCalendarDay.h */,
				C6439BB41B75C8B70092EFAA /* JTCalendarPage.h */,
				C6439BB51B75C8B70092EFAA /* JTCalendarWeek.h */,
				C6439BB61B75C8B70092EFAA /* JTCalendarWeekDay.h */,
				C6439BB71B75C8B70092EFAA /* JTContent.h */,
				C6439BB81B75C8B70092EFAA /* JTMenu.h */,
			);
			path = Protocols;
			sourceTree = "<group>";
		};
		C6439BB91B75C8B70092EFAA /* Views */ = {
			isa = PBXGroup;
			children = (
				C6439BBA1B75C8B70092EFAA /* JTCalendarDayView.h */,
				C6439BBB1B75C8B70092EFAA /* JTCalendarDayView.m */,
				C6439BBC1B75C8B70092EFAA /* JTCalendarMenuView.h */,
				C6439BBD1B75C8B70092EFAA /* JTCalendarMenuView.m */,
				C6439BBE1B75C8B70092EFAA /* JTCalendarPageView.h */,
				C6439BBF1B75C8B70092EFAA /* JTCalendarPageView.m */,
				C6439BC01B75C8B70092EFAA /* JTCalendarWeekDayView.h */,
				C6439BC11B75C8B70092EFAA /* JTCalendarWeekDayView.m */,
				C6439BC21B75C8B70092EFAA /* JTCalendarWeekView.h */,
				C6439BC31B75C8B70092EFAA /* JTCalendarWeekView.m */,
				C6439BC41B75C8B70092EFAA /* JTHorizontalCalendarView.h */,
				C6439BC51B75C8B70092EFAA /* JTHorizontalCalendarView.m */,
				C6439BC61B75C8B70092EFAA /* JTVerticalCalendarView.h */,
				C6439BC71B75C8B70092EFAA /* JTVerticalCalendarView.m */,
				C636ADD81B7DDA9500B160AC /* JTWeekViewCell.h */,
				C636ADD91B7DDA9500B160AC /* JTWeekViewCell.m */,
				C636ADDB1B7DFD1900B160AC /* JTCalendarFirstDayOfTheMonthView.h */,
				C636ADDC1B7DFD1900B160AC /* JTCalendarFirstDayOfTheMonthView.m */,
			);
			path = Views;
			sourceTree = "<group>";
		};
		C6EB33971B6CE42300D8F5EC = {
			isa = PBXGroup;
			children = (
				C6439BA41B75C8B70092EFAA /* JTCalendar */,
				C6EB33A21B6CE42300D8F5EC /* CalendarTest */,
				C6EB33BC1B6CE42300D8F5EC /* CalendarTestTests */,
				C6EB33A11B6CE42300D8F5EC /* Products */,
			);
			sourceTree = "<group>";
		};
		C6EB33A11B6CE42300D8F5EC /* Products */ = {
			isa = PBXGroup;
			children = (
				C6EB33A01B6CE42300D8F5EC /* CalendarTest.app */,
				C6EB33B91B6CE42300D8F5EC /* CalendarTestTests.xctest */,
			);
			name = Products;
			sourceTree = "<group>";
		};
		C6EB33A21B6CE42300D8F5EC /* CalendarTest */ = {
			isa = PBXGroup;
			children = (
				C6EB33A71B6CE42300D8F5EC /* AppDelegate.h */,
				C6EB33A81B6CE42300D8F5EC /* AppDelegate.m */,
				C6EB33AA1B6CE42300D8F5EC /* ViewController.h */,
				C6EB33AB1B6CE42300D8F5EC /* ViewController.m */,
				C6EB33C91B6CE45500D8F5EC /* CalendarTest.h */,
				C6EB33CA1B6CE45500D8F5EC /* CalendarTest.m */,
				C6EB33CC1B6CE49D00D8F5EC /* CalendarTest.xib */,
				C6EB33B01B6CE42300D8F5EC /* Images.xcassets */,
				C6EB33B21B6CE42300D8F5EC /* LaunchScreen.xib */,
				C6EB33A31B6CE42300D8F5EC /* Supporting Files */,
				C6281FEC1B7C3D7800B24284 /* JTTableCalendarViewController.h */,
				C6281FED1B7C3D7800B24284 /* JTTableCalendarViewController.m */,
				C6281FEE1B7C3D7800B24284 /* JTTableCalendarViewController.xib */,
			);
			path = CalendarTest;
			sourceTree = "<group>";
		};
		C6EB33A31B6CE42300D8F5EC /* Supporting Files */ = {
			isa = PBXGroup;
			children = (
				C6EB33A41B6CE42300D8F5EC /* Info.plist */,
				C6EB33A51B6CE42300D8F5EC /* main.m */,
			);
			name = "Supporting Files";
			sourceTree = "<group>";
		};
		C6EB33BC1B6CE42300D8F5EC /* CalendarTestTests */ = {
			isa = PBXGroup;
			children = (
				C6EB33BF1B6CE42300D8F5EC /* CalendarTestTests.m */,
				C6EB33BD1B6CE42300D8F5EC /* Supporting Files */,
			);
			path = CalendarTestTests;
			sourceTree = "<group>";
		};
		C6EB33BD1B6CE42300D8F5EC /* Supporting Files */ = {
			isa = PBXGroup;
			children = (
				C6EB33BE1B6CE42300D8F5EC /* Info.plist */,
			);
			name = "Supporting Files";
			sourceTree = "<group>";
		};
/* End PBXGroup section */

/* Begin PBXNativeTarget section */
		C6EB339F1B6CE42300D8F5EC /* CalendarTest */ = {
			isa = PBXNativeTarget;
			buildConfigurationList = C6EB33C31B6CE42300D8F5EC /* Build configuration list for PBXNativeTarget "CalendarTest" */;
			buildPhases = (
				C6EB339C1B6CE42300D8F5EC /* Sources */,
				C6EB339D1B6CE42300D8F5EC /* Frameworks */,
				C6EB339E1B6CE42300D8F5EC /* Resources */,
			);
			buildRules = (
			);
			dependencies = (
			);
			name = CalendarTest;
			productName = CalendarTest;
			productReference = C6EB33A01B6CE42300D8F5EC /* CalendarTest.app */;
			productType = "com.apple.product-type.application";
		};
		C6EB33B81B6CE42300D8F5EC /* CalendarTestTests */ = {
			isa = PBXNativeTarget;
			buildConfigurationList = C6EB33C61B6CE42300D8F5EC /* Build configuration list for PBXNativeTarget "CalendarTestTests" */;
			buildPhases = (
				C6EB33B51B6CE42300D8F5EC /* Sources */,
				C6EB33B61B6CE42300D8F5EC /* Frameworks */,
				C6EB33B71B6CE42300D8F5EC /* Resources */,
			);
			buildRules = (
			);
			dependencies = (
				C6EB33BB1B6CE42300D8F5EC /* PBXTargetDependency */,
			);
			name = CalendarTestTests;
			productName = CalendarTestTests;
			productReference = C6EB33B91B6CE42300D8F5EC /* CalendarTestTests.xctest */;
			productType = "com.apple.product-type.bundle.unit-test";
		};
/* End PBXNativeTarget section */

/* Begin PBXProject section */
		C6EB33981B6CE42300D8F5EC /* Project object */ = {
			isa = PBXProject;
			attributes = {
				LastUpgradeCheck = 0640;
				ORGANIZATIONNAME = "Francis Zabala";
				TargetAttributes = {
					C6EB339F1B6CE42300D8F5EC = {
						CreatedOnToolsVersion = 6.4;
					};
					C6EB33B81B6CE42300D8F5EC = {
						CreatedOnToolsVersion = 6.4;
						TestTargetID = C6EB339F1B6CE42300D8F5EC;
					};
				};
			};
			buildConfigurationList = C6EB339B1B6CE42300D8F5EC /* Build configuration list for PBXProject "CalendarTest" */;
			compatibilityVersion = "Xcode 3.2";
			developmentRegion = English;
			hasScannedForEncodings = 0;
			knownRegions = (
				en,
				Base,
			);
			mainGroup = C6EB33971B6CE42300D8F5EC;
			productRefGroup = C6EB33A11B6CE42300D8F5EC /* Products */;
			projectDirPath = "";
			projectRoot = "";
			targets = (
				C6EB339F1B6CE42300D8F5EC /* CalendarTest */,
				C6EB33B81B6CE42300D8F5EC /* CalendarTestTests */,
			);
		};
/* End PBXProject section */

/* Begin PBXResourcesBuildPhase section */
		C6EB339E1B6CE42300D8F5EC /* Resources */ = {
			isa = PBXResourcesBuildPhase;
			buildActionMask = 2147483647;
			files = (
				C6EB33B41B6CE42300D8F5EC /* LaunchScreen.xib in Resources */,
				C6EB33B11B6CE42300D8F5EC /* Images.xcassets in Resources */,
				C6EB33CD1B6CE49D00D8F5EC /* CalendarTest.xib in Resources */,
				C6281FF01B7C3D7800B24284 /* JTTableCalendarViewController.xib in Resources */,
			);
			runOnlyForDeploymentPostprocessing = 0;
		};
		C6EB33B71B6CE42300D8F5EC /* Resources */ = {
			isa = PBXResourcesBuildPhase;
			buildActionMask = 2147483647;
			files = (
			);
			runOnlyForDeploymentPostprocessing = 0;
		};
/* End PBXResourcesBuildPhase section */

/* Begin PBXSourcesBuildPhase section */
		C6EB339C1B6CE42300D8F5EC /* Sources */ = {
			isa = PBXSourcesBuildPhase;
			buildActionMask = 2147483647;
			files = (
				C6439BD31B75C8B70092EFAA /* JTVerticalCalendarView.m in Sources */,
				C6EB33AC1B6CE42300D8F5EC /* ViewController.m in Sources */,
				C6439BCA1B75C8B70092EFAA /* JTDateHelper.m in Sources */,
				C6EB33A91B6CE42300D8F5EC /* AppDelegate.m in Sources */,
				C636ADDD1B7DFD1900B160AC /* JTCalendarFirstDayOfTheMonthView.m in Sources */,
				C6439BCC1B75C8B70092EFAA /* JTCalendarScrollManager.m in Sources */,
				C6439BC81B75C8B70092EFAA /* JTCalendarManager.m in Sources */,
				C6439BD21B75C8B70092EFAA /* JTHorizontalCalendarView.m in Sources */,
				C6281FEF1B7C3D7800B24284 /* JTTableCalendarViewController.m in Sources */,
				C636ADDA1B7DDA9500B160AC /* JTWeekViewCell.m in Sources */,
				C6439BCD1B75C8B70092EFAA /* JTCalendarDayView.m in Sources */,
				C6439BD11B75C8B70092EFAA /* JTCalendarWeekView.m in Sources */,
				C6439BD01B75C8B70092EFAA /* JTCalendarWeekDayView.m in Sources */,
				C6439BCB1B75C8B70092EFAA /* JTCalendarDelegateManager.m in Sources */,
				C6EB33A61B6CE42300D8F5EC /* main.m in Sources */,
				C6439BC91B75C8B70092EFAA /* JTCalendarSettings.m in Sources */,
				C6EB33CB1B6CE45500D8F5EC /* CalendarTest.m in Sources */,
				C6439BCE1B75C8B70092EFAA /* JTCalendarMenuView.m in Sources */,
				C6439BCF1B75C8B70092EFAA /* JTCalendarPageView.m in Sources */,
			);
			runOnlyForDeploymentPostprocessing = 0;
		};
		C6EB33B51B6CE42300D8F5EC /* Sources */ = {
			isa = PBXSourcesBuildPhase;
			buildActionMask = 2147483647;
			files = (
				C6EB33C01B6CE42300D8F5EC /* CalendarTestTests.m in Sources */,
			);
			runOnlyForDeploymentPostprocessing = 0;
		};
/* End PBXSourcesBuildPhase section */

/* Begin PBXTargetDependency section */
		C6EB33BB1B6CE42300D8F5EC /* PBXTargetDependency */ = {
			isa = PBXTargetDependency;
			target = C6EB339F1B6CE42300D8F5EC /* CalendarTest */;
			targetProxy = C6EB33BA1B6CE42300D8F5EC /* PBXContainerItemProxy */;
		};
/* End PBXTargetDependency section */

/* Begin PBXVariantGroup section */
		C6EB33B21B6CE42300D8F5EC /* LaunchScreen.xib */ = {
			isa = PBXVariantGroup;
			children = (
				C6EB33B31B6CE42300D8F5EC /* Base */,
			);
			name = LaunchScreen.xib;
			sourceTree = "<group>";
		};
/* End PBXVariantGroup section */

/* Begin XCBuildConfiguration section */
		C6EB33C11B6CE42300D8F5EC /* Debug */ = {
			isa = XCBuildConfiguration;
			buildSettings = {
				ALWAYS_SEARCH_USER_PATHS = NO;
				CLANG_CXX_LANGUAGE_STANDARD = "gnu++0x";
				CLANG_CXX_LIBRARY = "libc++";
				CLANG_ENABLE_MODULES = YES;
				CLANG_ENABLE_OBJC_ARC = YES;
				CLANG_WARN_BOOL_CONVERSION = YES;
				CLANG_WARN_CONSTANT_CONVERSION = YES;
				CLANG_WARN_DIRECT_OBJC_ISA_USAGE = YES_ERROR;
				CLANG_WARN_EMPTY_BODY = YES;
				CLANG_WARN_ENUM_CONVERSION = YES;
				CLANG_WARN_INT_CONVERSION = YES;
				CLANG_WARN_OBJC_ROOT_CLASS = YES_ERROR;
				CLANG_WARN_UNREACHABLE_CODE = YES;
				CLANG_WARN__DUPLICATE_METHOD_MATCH = YES;
				"CODE_SIGN_IDENTITY[sdk=iphoneos*]" = "iPhone Developer";
				COPY_PHASE_STRIP = NO;
				DEBUG_INFORMATION_FORMAT = "dwarf-with-dsym";
				ENABLE_STRICT_OBJC_MSGSEND = YES;
				GCC_C_LANGUAGE_STANDARD = gnu99;
				GCC_DYNAMIC_NO_PIC = NO;
				GCC_NO_COMMON_BLOCKS = YES;
				GCC_OPTIMIZATION_LEVEL = 0;
				GCC_PREPROCESSOR_DEFINITIONS = (
					"DEBUG=1",
					"$(inherited)",
				);
				GCC_SYMBOLS_PRIVATE_EXTERN = NO;
				GCC_WARN_64_TO_32_BIT_CONVERSION = YES;
				GCC_WARN_ABOUT_RETURN_TYPE = YES_ERROR;
				GCC_WARN_UNDECLARED_SELECTOR = YES;
				GCC_WARN_UNINITIALIZED_AUTOS = YES_AGGRESSIVE;
				GCC_WARN_UNUSED_FUNCTION = YES;
				GCC_WARN_UNUSED_VARIABLE = YES;
				IPHONEOS_DEPLOYMENT_TARGET = 8.4;
				MTL_ENABLE_DEBUG_INFO = YES;
				ONLY_ACTIVE_ARCH = YES;
				SDKROOT = iphoneos;
				TARGETED_DEVICE_FAMILY = "1,2";
			};
			name = Debug;
		};
		C6EB33C21B6CE42300D8F5EC /* Release */ = {
			isa = XCBuildConfiguration;
			buildSettings = {
				ALWAYS_SEARCH_USER_PATHS = NO;
				CLANG_CXX_LANGUAGE_STANDARD = "gnu++0x";
				CLANG_CXX_LIBRARY = "libc++";
				CLANG_ENABLE_MODULES = YES;
				CLANG_ENABLE_OBJC_ARC = YES;
				CLANG_WARN_BOOL_CONVERSION = YES;
				CLANG_WARN_CONSTANT_CONVERSION = YES;
				CLANG_WARN_DIRECT_OBJC_ISA_USAGE = YES_ERROR;
				CLANG_WARN_EMPTY_BODY = YES;
				CLANG_WARN_ENUM_CONVERSION = YES;
				CLANG_WARN_INT_CONVERSION = YES;
				CLANG_WARN_OBJC_ROOT_CLASS = YES_ERROR;
				CLANG_WARN_UNREACHABLE_CODE = YES;
				CLANG_WARN__DUPLICATE_METHOD_MATCH = YES;
				"CODE_SIGN_IDENTITY[sdk=iphoneos*]" = "iPhone Developer";
				COPY_PHASE_STRIP = NO;
				DEBUG_INFORMATION_FORMAT = "dwarf-with-dsym";
				ENABLE_NS_ASSERTIONS = NO;
				ENABLE_STRICT_OBJC_MSGSEND = YES;
				GCC_C_LANGUAGE_STANDARD = gnu99;
				GCC_NO_COMMON_BLOCKS = YES;
				GCC_WARN_64_TO_32_BIT_CONVERSION = YES;
				GCC_WARN_ABOUT_RETURN_TYPE = YES_ERROR;
				GCC_WARN_UNDECLARED_SELECTOR = YES;
				GCC_WARN_UNINITIALIZED_AUTOS = YES_AGGRESSIVE;
				GCC_WARN_UNUSED_FUNCTION = YES;
				GCC_WARN_UNUSED_VARIABLE = YES;
				IPHONEOS_DEPLOYMENT_TARGET = 8.4;
				MTL_ENABLE_DEBUG_INFO = NO;
				SDKROOT = iphoneos;
				TARGETED_DEVICE_FAMILY = "1,2";
				VALIDATE_PRODUCT = YES;
			};
			name = Release;
		};
		C6EB33C41B6CE42300D8F5EC /* Debug */ = {
			isa = XCBuildConfiguration;
			buildSettings = {
				ASSETCATALOG_COMPILER_APPICON_NAME = AppIcon;
				CODE_SIGN_IDENTITY = "iPhone Developer";
				"CODE_SIGN_IDENTITY[sdk=iphoneos*]" = "iPhone Developer";
				INFOPLIST_FILE = CalendarTest/Info.plist;
				IPHONEOS_DEPLOYMENT_TARGET = 7.0;
				LD_RUNPATH_SEARCH_PATHS = "$(inherited) @executable_path/Frameworks";
				PRODUCT_NAME = "$(TARGET_NAME)";
				PROVISIONING_PROFILE = "";
			};
			name = Debug;
		};
		C6EB33C51B6CE42300D8F5EC /* Release */ = {
			isa = XCBuildConfiguration;
			buildSettings = {
				ASSETCATALOG_COMPILER_APPICON_NAME = AppIcon;
				CODE_SIGN_IDENTITY = "iPhone Developer";
				"CODE_SIGN_IDENTITY[sdk=iphoneos*]" = "iPhone Developer";
				INFOPLIST_FILE = CalendarTest/Info.plist;
				IPHONEOS_DEPLOYMENT_TARGET = 7.0;
				LD_RUNPATH_SEARCH_PATHS = "$(inherited) @executable_path/Frameworks";
				PRODUCT_NAME = "$(TARGET_NAME)";
				PROVISIONING_PROFILE = "";
			};
			name = Release;
		};
		C6EB33C71B6CE42300D8F5EC /* Debug */ = {
			isa = XCBuildConfiguration;
			buildSettings = {
				BUNDLE_LOADER = "$(TEST_HOST)";
				FRAMEWORK_SEARCH_PATHS = (
					"$(SDKROOT)/Developer/Library/Frameworks",
					"$(inherited)",
				);
				GCC_PREPROCESSOR_DEFINITIONS = (
					"DEBUG=1",
					"$(inherited)",
				);
				INFOPLIST_FILE = CalendarTestTests/Info.plist;
				LD_RUNPATH_SEARCH_PATHS = "$(inherited) @executable_path/Frameworks @loader_path/Frameworks";
				PRODUCT_NAME = "$(TARGET_NAME)";
				TEST_HOST = "$(BUILT_PRODUCTS_DIR)/CalendarTest.app/CalendarTest";
			};
			name = Debug;
		};
		C6EB33C81B6CE42300D8F5EC /* Release */ = {
			isa = XCBuildConfiguration;
			buildSettings = {
				BUNDLE_LOADER = "$(TEST_HOST)";
				FRAMEWORK_SEARCH_PATHS = (
					"$(SDKROOT)/Developer/Library/Frameworks",
					"$(inherited)",
				);
				INFOPLIST_FILE = CalendarTestTests/Info.plist;
				LD_RUNPATH_SEARCH_PATHS = "$(inherited) @executable_path/Frameworks @loader_path/Frameworks";
				PRODUCT_NAME = "$(TARGET_NAME)";
				TEST_HOST = "$(BUILT_PRODUCTS_DIR)/CalendarTest.app/CalendarTest";
			};
			name = Release;
		};
/* End XCBuildConfiguration section */

/* Begin XCConfigurationList section */
		C6EB339B1B6CE42300D8F5EC /* Build configuration list for PBXProject "CalendarTest" */ = {
			isa = XCConfigurationList;
			buildConfigurations = (
				C6EB33C11B6CE42300D8F5EC /* Debug */,
				C6EB33C21B6CE42300D8F5EC /* Release */,
			);
			defaultConfigurationIsVisible = 0;
			defaultConfigurationName = Release;
		};
		C6EB33C31B6CE42300D8F5EC /* Build configuration list for PBXNativeTarget "CalendarTest" */ = {
			isa = XCConfigurationList;
			buildConfigurations = (
				C6EB33C41B6CE42300D8F5EC /* Debug */,
				C6EB33C51B6CE42300D8F5EC /* Release */,
			);
			defaultConfigurationIsVisible = 0;
			defaultConfigurationName = Release;
		};
		C6EB33C61B6CE42300D8F5EC /* Build configuration list for PBXNativeTarget "CalendarTestTests" */ = {
			isa = XCConfigurationList;
			buildConfigurations = (
				C6EB33C71B6CE42300D8F5EC /* Debug */,
				C6EB33C81B6CE42300D8F5EC /* Release */,
			);
			defaultConfigurationIsVisible = 0;
			defaultConfigurationName = Release;
		};
/* End XCConfigurationList section */
	};
	rootObject = C6EB33981B6CE42300D8F5EC /* Project object */;
}
